{
  "version": 1,
  "dependencies": {
    "net10.0-windows7.0": {
      "DalamudPackager": {
        "type": "Direct",
        "requested": "[14.0.1, )",
        "resolved": "14.0.1",
        "contentHash": "y0WWyUE6dhpGdolK3iKgwys05/nZaVf4ZPtIjpLhJBZvHxkkiE23zYRo7K7uqAgoK/QvK5cqF6l3VG5AbgC6KA=="
      },
      "DotNet.ReproducibleBuilds": {
        "type": "Direct",
        "requested": "[1.2.39, )",
        "resolved": "1.2.39",
        "contentHash": "fcFN01tDTIQqDuTwr1jUQK/geofiwjG5DycJQOnC72i1SsLAk1ELe+apBOuZ11UMQG8YKFZG1FgvjZPbqHyatg=="
      },
      "NetStone": {
        "type": "Direct",
        "requested": "[1.4.1, )",
        "resolved": "1.4.1",
        "contentHash": "uJawEi8Bf66tOQwZ1UHIEuqY7QD3by79iZAy10YOz0p24+wDB9vEl/3QCEXw5pxBIVGGa2GnQ7m5gT8OmXjMOQ==",
        "dependencies": {
          "HtmlAgilityPack": "1.11.46",
          "Karashiiro.HtmlAgilityPack.CssSelectors.NetCoreFork": "0.0.2",
          "Newtonsoft.Json": "13.0.3"
        }
      },
      "BCnEncoder.Net": {
        "type": "Transitive",
        "resolved": "2.2.1",
        "contentHash": "tI5+/OQo0kciLqWrViRjpOH+IL3FjexYnoWZajiGV41g/EM9CGbWsxsPzBDmpoxNkrV9uox/EtIhCIi9chBSFw==",
        "dependencies": {
          "CommunityToolkit.HighPerformance": "8.4.0"
        }
      },
      "CommunityToolkit.HighPerformance": {
        "type": "Transitive",
        "resolved": "8.4.0",
        "contentHash": "flxspiBs0G/0GMp7IK2J2ijV9bTG6hEwFc/z6ekHqB6nwRJ4Ry2yLdx+TkbCUYFCl4XhABkAwomeKbT6zM2Zlg=="
      },
      "HtmlAgilityPack": {
        "type": "Transitive",
        "resolved": "1.11.46",
        "contentHash": "dLMn4EVfJBHWmWK4Uh0XGD76FPLHI0qr2Tm0s1m/xmgiHb1JUb9zB8AzO8HtrkBBlMN6JfCUBYddhqC0hZNR+g=="
      },
      "Karashiiro.HtmlAgilityPack.CssSelectors.NetCoreFork": {
        "type": "Transitive",
        "resolved": "0.0.2",
        "contentHash": "+7cqe/+tN7gDW36pgrefSeyAQvhqznM34D0uTwnETgU25iAC6boPtblxbrMluW5rA9o6MzjEg4qZK7WrnT+tSw==",
        "dependencies": {
          "HtmlAgilityPack": "1.11.46"
        }
      },
      "Lumina": {
        "type": "Transitive",
        "resolved": "7.1.0",
        "contentHash": "7zjreOpMXOhf+m5uTefoLZO6Mt3y68XhK036eDOS5JJ8yuIjAgFteWkzdCRcss8+PH5skMnDMDUZoTJJefQCtg==",
        "dependencies": {
          "BCnEncoder.Net": "2.2.1",
          "Microsoft.Extensions.ObjectPool": "10.0.0"
        }
      },
      "Lumina.Excel": {
        "type": "Transitive",
        "resolved": "7.4.1",
        "contentHash": "j8MeFA8MFFhXOrhfMrmTJAyIzwLVMF/52hujG00sFEYCLb25AFW8NhkiG8O1PLksdkeTnEvirNSfD5sPXBcTrg==",
        "dependencies": {
          "Lumina": "7.1.0"
        }
      },
      "Microsoft.Extensions.ObjectPool": {
        "type": "Transitive",
        "resolved": "10.0.0",
        "contentHash": "bpeCq0IYmVLACyEUMzFIOQX+zZUElG1t+nu1lSxthe7B+1oNYking7b91305+jNB6iwojp9fqTY9O+Nh7ULQxg=="
      },
      "Newtonsoft.Json": {
        "type": "Transitive",
        "resolved": "13.0.4",
        "contentHash": "pdgNNMai3zv51W5aq268sujXUyx7SNdE2bj1wZcWjAQrKMFZV260lbqYop1d2GM67JI1huLRwxo9ZqnfF/lC6A=="
      },
      "XIVCalc": {
        "type": "Transitive",
        "resolved": "0.3.1",
        "contentHash": "RqVwlVRK1dihoU7cadMidzKBdq89zFgbYhTbs9E1nfp1k3SiOKEWzZhXqkNbp6SpvXPmTrHzxzgz8l+wLApdtw=="
      },
      "XIVCalc.Lumina": {
        "type": "Transitive",
        "resolved": "7.4.1",
        "contentHash": "md3ygQOfQbB5EUl429AaR+CqxSPgP6pMbleTmDaFeoVdabRsTGqR8F29VfKylvhCaUUOmYEVadewK1Fewo/OCg==",
        "dependencies": {
          "Lumina.Excel": "7.4.1",
          "XIVCalc": "0.3.1"
        }
      },
      "himbeertoniraidtool.common": {
        "type": "Project",
        "dependencies": {
          "Newtonsoft.Json": "[13.0.4, )",
          "XIVCalc.Lumina": "[7.4.1, )"
        }
      }
    }
  }
}